
Microsoft Visual Studio Solution File, Format Version 12.00
# Visual Studio Version 17
VisualStudioVersion = 17.3.32922.545
MinimumVisualStudioVersion = 10.0.40219.1
Project("{8BC9CEB8-8B4A-11D0-8D11-00A0C91BC942}") = "Cw4_Zad3", "Cw4_Zad3\Cw4_Zad3.vcxproj", "{6F1B1778-4ABF-428F-B023-2989B5D934FC}"
EndProject
Global
	GlobalSection(SolutionConfigurationPlatforms) = preSolution
		Debug|x64 = Debug|x64
		Debug|x86 = Debug|x86
		Release|x64 = Release|x64
		Release|x86 = Release|x86
	EndGlobalSection
	GlobalSection(ProjectConfigurationPlatforms) = postSolution
		{6F1B1778-4ABF-428F-B023-2989B5D934FC}.Debug|x64.ActiveCfg = Debug|x64
		{6F1B1778-4ABF-428F-B023-2989B5D934FC}.Debug|x64.Build.0 = Debug|x64
		{6F1B1778-4ABF-428F-B023-2989B5D934FC}.Debug|x86.ActiveCfg = Debug|Win32
		{6F1B1778-4ABF-428F-B023-2989B5D934FC}.Debug|x86.Build.0 = Debug|Win32
		{6F1B1778-4ABF-428F-B023-2989B5D934FC}.Release|x64.ActiveCfg = Release|x64
		{6F1B1778-4ABF-428F-B023-2989B5D934FC}.Release|x64.Build.0 = Release|x64
		{6F1B1778-4ABF-428F-B023-2989B5D934FC}.Release|x86.ActiveCfg = Release|Win32
		{6F1B1778-4ABF-428F-B023-2989B5D934FC}.Release|x86.Build.0 = Release|Win32
	EndGlobalSection
	GlobalSection(SolutionProperties) = preSolution
		HideSolutionNode = FALSE
	EndGlobalSection
	GlobalSection(ExtensibilityGlobals) = postSolution
		SolutionGuid = {5A58B396-6E91-43D4-B976-188B30F40DCC}
	EndGlobalSection
EndGlobal
