
Microsoft Visual Studio Solution File, Format Version 12.00
# Visual Studio Version 16
VisualStudioVersion = 16.0.30907.101
MinimumVisualStudioVersion = 10.0.40219.1
Project("{8BC9CEB8-8B4A-11D0-8D11-00A0C91BC942}") = "Zad3", "Zad3\Zad3.vcxproj", "{EF5BC127-4625-4299-9E1D-E5DEB35C28A2}"
EndProject
Global
	GlobalSection(SolutionConfigurationPlatforms) = preSolution
		Debug|x64 = Debug|x64
		Debug|x86 = Debug|x86
		Release|x64 = Release|x64
		Release|x86 = Release|x86
	EndGlobalSection
	GlobalSection(ProjectConfigurationPlatforms) = postSolution
		{EF5BC127-4625-4299-9E1D-E5DEB35C28A2}.Debug|x64.ActiveCfg = Debug|x64
		{EF5BC127-4625-4299-9E1D-E5DEB35C28A2}.Debug|x64.Build.0 = Debug|x64
		{EF5BC127-4625-4299-9E1D-E5DEB35C28A2}.Debug|x86.ActiveCfg = Debug|Win32
		{EF5BC127-4625-4299-9E1D-E5DEB35C28A2}.Debug|x86.Build.0 = Debug|Win32
		{EF5BC127-4625-4299-9E1D-E5DEB35C28A2}.Release|x64.ActiveCfg = Release|x64
		{EF5BC127-4625-4299-9E1D-E5DEB35C28A2}.Release|x64.Build.0 = Release|x64
		{EF5BC127-4625-4299-9E1D-E5DEB35C28A2}.Release|x86.ActiveCfg = Release|Win32
		{EF5BC127-4625-4299-9E1D-E5DEB35C28A2}.Release|x86.Build.0 = Release|Win32
	EndGlobalSection
	GlobalSection(SolutionProperties) = preSolution
		HideSolutionNode = FALSE
	EndGlobalSection
	GlobalSection(ExtensibilityGlobals) = postSolution
		SolutionGuid = {2098D660-7E3D-4CAF-A968-A3521A4B7C06}
	EndGlobalSection
EndGlobal
